
Microsoft Visual Studio Solution File, Format Version 12.00
# Visual Studio Version 17
VisualStudioVersion = 17.3.32825.248
MinimumVisualStudioVersion = 10.0.40219.1
Project("{FAE04EC0-301F-11D3-BF4B-00C04F79EFBC}") = "A1_CS_Fundamentals_Temp", "A1_CS_Fundamentals_Temp\A1_CS_Fundamentals_Temp.csproj", "{B5E14241-E89A-4AA6-B9E5-212BC63ADA74}"
EndProject
Global
	GlobalSection(SolutionConfigurationPlatforms) = preSolution
		Debug|Any CPU = Debug|Any CPU
		Release|Any CPU = Release|Any CPU
	EndGlobalSection
	GlobalSection(ProjectConfigurationPlatforms) = postSolution
		{B5E14241-E89A-4AA6-B9E5-212BC63ADA74}.Debug|Any CPU.ActiveCfg = Debug|Any CPU
		{B5E14241-E89A-4AA6-B9E5-212BC63ADA74}.Debug|Any CPU.Build.0 = Debug|Any CPU
		{B5E14241-E89A-4AA6-B9E5-212BC63ADA74}.Release|Any CPU.ActiveCfg = Release|Any CPU
		{B5E14241-E89A-4AA6-B9E5-212BC63ADA74}.Release|Any CPU.Build.0 = Release|Any CPU
	EndGlobalSection
	GlobalSection(SolutionProperties) = preSolution
		HideSolutionNode = FALSE
	EndGlobalSection
	GlobalSection(ExtensibilityGlobals) = postSolution
		SolutionGuid = {2F8AD775-6AB5-4277-BA07-E88DAAC117F9}
	EndGlobalSection
EndGlobal
